{
  "name": "new-project",
  "version": "1.0.0",
  "lockfileVersion": 1,
  "requires": true,
  "dependencies": {
    "death-star-secret-hyper-matter-reactor": {
      "version": "1.0.0",
      "resolved": "http://0.0.0.0:4873/death-star-secret-hyper-matter-reactor/-/death-star-secret-hyper-matter-reactor-1.0.0.tgz",
      "integrity": "sha512-MGveIfPcV15SIEbXp6PDCUaUcQ63kZRXQIuwVuuUf475AJsbe4VGXiROYPIlb+YtR86RGpgN7YHFFZojoTBc8g=="
    },
    "superlaser": {
      "version": "1.99999.9999",
      "resolved": "http://0.0.0.0:4873/superlaser/-/superlaser-1.99999.9999.tgz",
      "integrity": "sha512-3ZkgcgJIP7WgIvYHgUIk2pZeMbZ1+1apkE3zld5Jt/4XQTs1XQpcthKRPV5Y3OKlHLWT8SQ0qOtaWrJLCJBKTA=="
    }
  }
}
